// !$*UTF8*$!
{
	archiveVersion = 1;
	classes = {
	};
	objectVersion = 46;
	objects = {

/* Begin PBXBuildFile section */
		A238C0A416BF2F8C004B9060 /* main.cpp in Sources */ = {isa = PBXBuildFile; fileRef = A238C0A316BF2F8C004B9060 /* main.cpp */; };
		A238C0A616BF2F8C004B9060 /* LinearProgramming.1 in CopyFiles */ = {isa = PBXBuildFile; fileRef = A238C0A516BF2F8C004B9060 /* LinearProgramming.1 */; };
/* End PBXBuildFile section */

/* Begin PBXCopyFilesBuildPhase section */
		A238C09D16BF2F8C004B9060 /* CopyFiles */ = {
			isa = PBXCopyFilesBuildPhase;
			buildActionMask = 2147483647;
			dstPath = /usr/share/man/man1/;
			dstSubfolderSpec = 0;
			files = (
				A238C0A616BF2F8C004B9060 /* LinearProgramming.1 in CopyFiles */,
			);
			runOnlyForDeploymentPostprocessing = 1;
		};
/* End PBXCopyFilesBuildPhase section */

/* Begin PBXFileReference section */
		A238C09F16BF2F8C004B9060 /* LinearProgramming */ = {isa = PBXFileReference; explicitFileType = "compiled.mach-o.executable"; includeInIndex = 0; path = LinearProgramming; sourceTree = BUILT_PRODUCTS_DIR; };
		A238C0A316BF2F8C004B9060 /* main.cpp */ = {isa = PBXFileReference; lastKnownFileType = sourcecode.cpp.cpp; path = main.cpp; sourceTree = "<group>"; };
		A238C0A516BF2F8C004B9060 /* LinearProgramming.1 */ = {isa = PBXFileReference; lastKnownFileType = text.man; path = LinearProgramming.1; sourceTree = "<group>"; };
/* End PBXFileReference section */

/* Begin PBXFrameworksBuildPhase section */
		A238C09C16BF2F8C004B9060 /* Frameworks */ = {
			isa = PBXFrameworksBuildPhase;
			buildActionMask = 2147483647;
			files = (
			);
			runOnlyForDeploymentPostprocessing = 0;
		};
/* End PBXFrameworksBuildPhase section */

/* Begin PBXGroup section */
		A238C09416BF2F8C004B9060 = {
			isa = PBXGroup;
			children = (
				A238C0A216BF2F8C004B9060 /* LinearProgramming */,
				A238C0A016BF2F8C004B9060 /* Products */,
			);
			sourceTree = "<group>";
		};
		A238C0A016BF2F8C004B9060 /* Products */ = {
			isa = PBXGroup;
			children = (
				A238C09F16BF2F8C004B9060 /* LinearProgramming */,
			);
			name = Products;
			sourceTree = "<group>";
		};
		A238C0A216BF2F8C004B9060 /* LinearProgramming */ = {
			isa = PBXGroup;
			children = (
				A238C0A316BF2F8C004B9060 /* main.cpp */,
				A238C0A516BF2F8C004B9060 /* LinearProgramming.1 */,
			);
			path = LinearProgramming;
			sourceTree = "<group>";
		};
/* End PBXGroup section */

/* Begin PBXNativeTarget section */
		A238C09E16BF2F8C004B9060 /* LinearProgramming */ = {
			isa = PBXNativeTarget;
			buildConfigurationList = A238C0A916BF2F8C004B9060 /* Build configuration list for PBXNativeTarget "LinearProgramming" */;
			buildPhases = (
				A238C09B16BF2F8C004B9060 /* Sources */,
				A238C09C16BF2F8C004B9060 /* Frameworks */,
				A238C09D16BF2F8C004B9060 /* CopyFiles */,
			);
			buildRules = (
			);
			dependencies = (
			);
			name = LinearProgramming;
			productName = LinearProgramming;
			productReference = A238C09F16BF2F8C004B9060 /* LinearProgramming */;
			productType = "com.apple.product-type.tool";
		};
/* End PBXNativeTarget section */

/* Begin PBXProject section */
		A238C09616BF2F8C004B9060 /* Project object */ = {
			isa = PBXProject;
			attributes = {
				LastUpgradeCheck = 0450;
				ORGANIZATIONNAME = "Guoxin Jin";
			};
			buildConfigurationList = A238C09916BF2F8C004B9060 /* Build configuration list for PBXProject "LinearProgramming" */;
			compatibilityVersion = "Xcode 3.2";
			developmentRegion = English;
			hasScannedForEncodings = 0;
			knownRegions = (
				en,
			);
			mainGroup = A238C09416BF2F8C004B9060;
			productRefGroup = A238C0A016BF2F8C004B9060 /* Products */;
			projectDirPath = "";
			projectRoot = "";
			targets = (
				A238C09E16BF2F8C004B9060 /* LinearProgramming */,
			);
		};
/* End PBXProject section */

/* Begin PBXSourcesBuildPhase section */
		A238C09B16BF2F8C004B9060 /* Sources */ = {
			isa = PBXSourcesBuildPhase;
			buildActionMask = 2147483647;
			files = (
				A238C0A416BF2F8C004B9060 /* main.cpp in Sources */,
			);
			runOnlyForDeploymentPostprocessing = 0;
		};
/* End PBXSourcesBuildPhase section */

/* Begin XCBuildConfiguration section */
		A238C0A716BF2F8C004B9060 /* Debug */ = {
			isa = XCBuildConfiguration;
			buildSettings = {
				ALWAYS_SEARCH_USER_PATHS = NO;
				ARCHS = "$(ARCHS_STANDARD_64_BIT)";
				CLANG_CXX_LANGUAGE_STANDARD = "gnu++0x";
				CLANG_CXX_LIBRARY = "libc++";
				CLANG_ENABLE_OBJC_ARC = YES;
				CLANG_WARN_EMPTY_BODY = YES;
				CLANG_WARN__DUPLICATE_METHOD_MATCH = YES;
				COPY_PHASE_STRIP = NO;
				GCC_C_LANGUAGE_STANDARD = gnu99;
				GCC_DYNAMIC_NO_PIC = NO;
				GCC_ENABLE_OBJC_EXCEPTIONS = YES;
				GCC_OPTIMIZATION_LEVEL = 0;
				GCC_PREPROCESSOR_DEFINITIONS = (
					"DEBUG=1",
					"$(inherited)",
				);
				GCC_SYMBOLS_PRIVATE_EXTERN = NO;
				GCC_WARN_64_TO_32_BIT_CONVERSION = YES;
				GCC_WARN_ABOUT_RETURN_TYPE = YES;
				GCC_WARN_UNINITIALIZED_AUTOS = YES;
				GCC_WARN_UNUSED_VARIABLE = YES;
				MACOSX_DEPLOYMENT_TARGET = 10.7;
				ONLY_ACTIVE_ARCH = YES;
				SDKROOT = macosx;
			};
			name = Debug;
		};
		A238C0A816BF2F8C004B9060 /* Release */ = {
			isa = XCBuildConfiguration;
			buildSettings = {
				ALWAYS_SEARCH_USER_PATHS = NO;
				ARCHS = "$(ARCHS_STANDARD_64_BIT)";
				CLANG_CXX_LANGUAGE_STANDARD = "gnu++0x";
				CLANG_CXX_LIBRARY = "libc++";
				CLANG_ENABLE_OBJC_ARC = YES;
				CLANG_WARN_EMPTY_BODY = YES;
				CLANG_WARN__DUPLICATE_METHOD_MATCH = YES;
				COPY_PHASE_STRIP = YES;
				DEBUG_INFORMATION_FORMAT = "dwarf-with-dsym";
				GCC_C_LANGUAGE_STANDARD = gnu99;
				GCC_ENABLE_OBJC_EXCEPTIONS = YES;
				GCC_WARN_64_TO_32_BIT_CONVERSION = YES;
				GCC_WARN_ABOUT_RETURN_TYPE = YES;
				GCC_WARN_UNINITIALIZED_AUTOS = YES;
				GCC_WARN_UNUSED_VARIABLE = YES;
				MACOSX_DEPLOYMENT_TARGET = 10.7;
				SDKROOT = macosx;
			};
			name = Release;
		};
		A238C0AA16BF2F8C004B9060 /* Debug */ = {
			isa = XCBuildConfiguration;
			buildSettings = {
				PRODUCT_NAME = "$(TARGET_NAME)";
			};
			name = Debug;
		};
		A238C0AB16BF2F8C004B9060 /* Release */ = {
			isa = XCBuildConfiguration;
			buildSettings = {
				PRODUCT_NAME = "$(TARGET_NAME)";
			};
			name = Release;
		};
/* End XCBuildConfiguration section */

/* Begin XCConfigurationList section */
		A238C09916BF2F8C004B9060 /* Build configuration list for PBXProject "LinearProgramming" */ = {
			isa = XCConfigurationList;
			buildConfigurations = (
				A238C0A716BF2F8C004B9060 /* Debug */,
				A238C0A816BF2F8C004B9060 /* Release */,
			);
			defaultConfigurationIsVisible = 0;
			defaultConfigurationName = Release;
		};
		A238C0A916BF2F8C004B9060 /* Build configuration list for PBXNativeTarget "LinearProgramming" */ = {
			isa = XCConfigurationList;
			buildConfigurations = (
				A238C0AA16BF2F8C004B9060 /* Debug */,
				A238C0AB16BF2F8C004B9060 /* Release */,
			);
			defaultConfigurationIsVisible = 0;
		};
/* End XCConfigurationList section */
	};
	rootObject = A238C09616BF2F8C004B9060 /* Project object */;
}
